
Microsoft Visual Studio Solution File, Format Version 12.00
# Visual Studio Version 17
VisualStudioVersion = 17.13.35825.156 d17.13
MinimumVisualStudioVersion = 10.0.40219.1
Project("{FAE04EC0-301F-11D3-BF4B-00C04F79EFBC}") = "Zadacha1", "Zadacha1\Zadacha1.csproj", "{EA7DDF96-4D92-4EFE-8CEE-D38BC2EB3BA0}"
EndProject
Project("{FAE04EC0-301F-11D3-BF4B-00C04F79EFBC}") = "Zadacha2", "Zadacha2\Zadacha2.csproj", "{72216105-779F-4205-A28C-49F317984A27}"
EndProject
Project("{FAE04EC0-301F-11D3-BF4B-00C04F79EFBC}") = "Zadacha3", "Zadacha3\Zadacha3.csproj", "{B1858E3B-370F-4ABA-BB5B-4D5E1727D38D}"
EndProject
Global
	GlobalSection(SolutionConfigurationPlatforms) = preSolution
		Debug|Any CPU = Debug|Any CPU
		Release|Any CPU = Release|Any CPU
	EndGlobalSection
	GlobalSection(ProjectConfigurationPlatforms) = postSolution
		{EA7DDF96-4D92-4EFE-8CEE-D38BC2EB3BA0}.Debug|Any CPU.ActiveCfg = Debug|Any CPU
		{EA7DDF96-4D92-4EFE-8CEE-D38BC2EB3BA0}.Debug|Any CPU.Build.0 = Debug|Any CPU
		{EA7DDF96-4D92-4EFE-8CEE-D38BC2EB3BA0}.Release|Any CPU.ActiveCfg = Release|Any CPU
		{EA7DDF96-4D92-4EFE-8CEE-D38BC2EB3BA0}.Release|Any CPU.Build.0 = Release|Any CPU
		{72216105-779F-4205-A28C-49F317984A27}.Debug|Any CPU.ActiveCfg = Debug|Any CPU
		{72216105-779F-4205-A28C-49F317984A27}.Debug|Any CPU.Build.0 = Debug|Any CPU
		{72216105-779F-4205-A28C-49F317984A27}.Release|Any CPU.ActiveCfg = Release|Any CPU
		{72216105-779F-4205-A28C-49F317984A27}.Release|Any CPU.Build.0 = Release|Any CPU
		{B1858E3B-370F-4ABA-BB5B-4D5E1727D38D}.Debug|Any CPU.ActiveCfg = Debug|Any CPU
		{B1858E3B-370F-4ABA-BB5B-4D5E1727D38D}.Debug|Any CPU.Build.0 = Debug|Any CPU
		{B1858E3B-370F-4ABA-BB5B-4D5E1727D38D}.Release|Any CPU.ActiveCfg = Release|Any CPU
		{B1858E3B-370F-4ABA-BB5B-4D5E1727D38D}.Release|Any CPU.Build.0 = Release|Any CPU
	EndGlobalSection
	GlobalSection(SolutionProperties) = preSolution
		HideSolutionNode = FALSE
	EndGlobalSection
	GlobalSection(ExtensibilityGlobals) = postSolution
		SolutionGuid = {365DDA2C-67AC-4130-BEF7-BAF09A3EB467}
	EndGlobalSection
EndGlobal
